// !$*UTF8*$!
{
	archiveVersion = 1;
	classes = {
	};
	objectVersion = 60;
	objects = {

/* Begin PBXBuildFile section */
		A20000010000000000000001 /* AppDelegate.swift in Sources */ = {isa = PBXBuildFile; fileRef = A20000110000000000000001 /* AppDelegate.swift */; };
		B2CACB8D2FA1408700BD64F2 /* sdk.key in Resources */ = {isa = PBXBuildFile; fileRef = B2CACB8C2FA1408700BD64F2 /* sdk.key */; };
		EAA300010000000000000001 /* Assets.xcassets in Resources */ = {isa = PBXBuildFile; fileRef = EAA300020000000000000001 /* Assets.xcassets */; };
/* End PBXBuildFile section */

/* Begin PBXFileReference section */
		A20000100000000000000001 /* KmpComposeTestIosApp.app */ = {isa = PBXFileReference; explicitFileType = wrapper.application; path = KmpComposeTestIosApp.app; sourceTree = BUILT_PRODUCTS_DIR; };
		A20000110000000000000001 /* AppDelegate.swift */ = {isa = PBXFileReference; lastKnownFileType = sourcecode.swift; path = AppDelegate.swift; sourceTree = "<group>"; };
		A20000140000000000000001 /* Info.plist */ = {isa = PBXFileReference; lastKnownFileType = text.plist.xml; path = Info.plist; sourceTree = "<group>"; };
		B2CACB8C2FA1408700BD64F2 /* sdk.key */ = {isa = PBXFileReference; explicitFileType = compiled; path = sdk.key; sourceTree = "<group>"; };
		EAA300020000000000000001 /* Assets.xcassets */ = {isa = PBXFileReference; lastKnownFileType = folder.assetcatalog; path = Assets.xcassets; sourceTree = "<group>"; };
/* End PBXFileReference section */

/* Begin PBXFrameworksBuildPhase section */
		A20000200000000000000001 /* Frameworks */ = {
			isa = PBXFrameworksBuildPhase;
			buildActionMask = 2147483647;
			files = (
			);
			runOnlyForDeploymentPostprocessing = 0;
		};
/* End PBXFrameworksBuildPhase section */

/* Begin PBXGroup section */
		A20000300000000000000001 = {
			isa = PBXGroup;
			children = (
				A20000310000000000000001 /* KmpComposeTestIosApp */,
				A20000320000000000000001 /* Frameworks */,
				A20000330000000000000001 /* Products */,
			);
			sourceTree = "<group>";
		};
		A20000310000000000000001 /* KmpComposeTestIosApp */ = {
			isa = PBXGroup;
			children = (
				B2CACB8C2FA1408700BD64F2 /* sdk.key */,
				EAA300020000000000000001 /* Assets.xcassets */,
				A20000110000000000000001 /* AppDelegate.swift */,
				A20000140000000000000001 /* Info.plist */,
			);
			path = KmpComposeTestIosApp;
			sourceTree = "<group>";
		};
		A20000320000000000000001 /* Frameworks */ = {
			isa = PBXGroup;
			children = (
			);
			name = Frameworks;
			sourceTree = "<group>";
		};
		A20000330000000000000001 /* Products */ = {
			isa = PBXGroup;
			children = (
				A20000100000000000000001 /* KmpComposeTestIosApp.app */,
			);
			name = Products;
			sourceTree = "<group>";
		};
/* End PBXGroup section */

/* Begin PBXNativeTarget section */
		A20000400000000000000001 /* KmpComposeTestIosApp */ = {
			isa = PBXNativeTarget;
			buildConfigurationList = A20000530000000000000001 /* Build configuration list for PBXNativeTarget "KmpComposeTestIosApp" */;
			buildPhases = (
				A20000700000000000000001 /* Compile Kotlin Framework */,
				A20000210000000000000001 /* Sources */,
				A20000200000000000000001 /* Frameworks */,
				A20000220000000000000001 /* Resources */,
			);
			buildRules = (
			);
			dependencies = (
			);
			name = KmpComposeTestIosApp;
			productName = KmpComposeTestIosApp;
			productReference = A20000100000000000000001 /* KmpComposeTestIosApp.app */;
			productType = "com.apple.product-type.application";
		};
/* End PBXNativeTarget section */

/* Begin PBXProject section */
		A20000500000000000000001 /* Project object */ = {
			isa = PBXProject;
			attributes = {
				BuildIndependentTargetsInParallel = 1;
				LastUpgradeCheck = 1600;
				TargetAttributes = {
					A20000400000000000000001 = {
						CreatedOnToolsVersion = 16.0;
					};
				};
			};
			buildConfigurationList = A20000520000000000000001 /* Build configuration list for PBXProject "KmpComposeTestIosApp" */;
			compatibilityVersion = "Xcode 15.0";
			developmentRegion = en;
			hasScannedForEncodings = 0;
			knownRegions = (
				en,
				Base,
			);
			mainGroup = A20000300000000000000001;
			productRefGroup = A20000330000000000000001 /* Products */;
			projectDirPath = "";
			projectRoot = "";
			targets = (
				A20000400000000000000001 /* KmpComposeTestIosApp */,
			);
		};
/* End PBXProject section */

/* Begin PBXResourcesBuildPhase section */
		A20000220000000000000001 /* Resources */ = {
			isa = PBXResourcesBuildPhase;
			buildActionMask = 2147483647;
			files = (
				B2CACB8D2FA1408700BD64F2 /* sdk.key in Resources */,
				EAA300010000000000000001 /* Assets.xcassets in Resources */,
			);
			runOnlyForDeploymentPostprocessing = 0;
		};
/* End PBXResourcesBuildPhase section */

/* Begin PBXShellScriptBuildPhase section */
		A20000700000000000000001 /* Compile Kotlin Framework */ = {
			isa = PBXShellScriptBuildPhase;
			buildActionMask = 2147483647;
			files = (
			);
			inputFileListPaths = (
			);
			inputPaths = (
			);
			name = "Compile Kotlin Framework";
			outputFileListPaths = (
			);
			outputPaths = (
			);
			runOnlyForDeploymentPostprocessing = 0;
			shellPath = /bin/sh;
			shellScript = "cd \"$SRCROOT/..\"\nunset EXECUTABLE_BLANK_INJECTION_DYLIB_PATH\nif [ \"YES\" = \"$OVERRIDE_KOTLIN_BUILD_IDE_SUPPORTED\" ]; then\n  echo \"Skipping Gradle build task invocation due to OVERRIDE_KOTLIN_BUILD_IDE_SUPPORTED environment variable set to \\\"YES\\\"\"\nelse\n  SDK_VERSION_ARG=\"\"\n  if [ -n \"$MAV2_SDK_VERSION\" ]; then\n    SDK_VERSION_ARG=\"-PsdkVersion=$MAV2_SDK_VERSION\"\n  fi\n  ./gradlew $SDK_VERSION_ARG :composeApp:embedAndSignAppleFrameworkForXcode :composeApp:syncComposeResourcesForIos\nfi\n";
		};
/* End PBXShellScriptBuildPhase section */

/* Begin PBXSourcesBuildPhase section */
		A20000210000000000000001 /* Sources */ = {
			isa = PBXSourcesBuildPhase;
			buildActionMask = 2147483647;
			files = (
				A20000010000000000000001 /* AppDelegate.swift in Sources */,
			);
			runOnlyForDeploymentPostprocessing = 0;
		};
/* End PBXSourcesBuildPhase section */

/* Begin XCBuildConfiguration section */
		A20000600000000000000001 /* Debug */ = {
			isa = XCBuildConfiguration;
			buildSettings = {
				ALWAYS_SEARCH_USER_PATHS = NO;
				CLANG_ENABLE_MODULES = YES;
				CLANG_ENABLE_OBJC_ARC = YES;
				COPY_PHASE_STRIP = NO;
				DEBUG_INFORMATION_FORMAT = dwarf;
				GCC_C_LANGUAGE_STANDARD = gnu17;
				GCC_DYNAMIC_NO_PIC = NO;
				GCC_OPTIMIZATION_LEVEL = 0;
				IPHONEOS_DEPLOYMENT_TARGET = 16.0;
				SDKROOT = iphoneos;
			};
			name = Debug;
		};
		A20000610000000000000001 /* Release */ = {
			isa = XCBuildConfiguration;
			buildSettings = {
				ALWAYS_SEARCH_USER_PATHS = NO;
				CLANG_ENABLE_MODULES = YES;
				CLANG_ENABLE_OBJC_ARC = YES;
				COPY_PHASE_STRIP = NO;
				DEBUG_INFORMATION_FORMAT = "dwarf-with-dsym";
				GCC_C_LANGUAGE_STANDARD = gnu17;
				GCC_OPTIMIZATION_LEVEL = 3;
				IPHONEOS_DEPLOYMENT_TARGET = 16.0;
				SDKROOT = iphoneos;
			};
			name = Release;
		};
		A20000620000000000000001 /* Debug */ = {
			isa = XCBuildConfiguration;
			buildSettings = {
				ASSETCATALOG_COMPILER_APPICON_NAME = AppIcon;
				CODE_SIGN_STYLE = Automatic;
				DEVELOPMENT_TEAM = 393M9SB2UU;
				"EXCLUDED_ARCHS[sdk=iphonesimulator*]" = x86_64;
				FRAMEWORK_SEARCH_PATHS = (
					"$(inherited)",
					"$(SRCROOT)/../composeApp/build/xcode-frameworks/$(CONFIGURATION)/$(SDK_NAME)",
				);
				INFOPLIST_FILE = KmpComposeTestIosApp/Info.plist;
				IPHONEOS_DEPLOYMENT_TARGET = 16.0;
				LD_RUNPATH_SEARCH_PATHS = (
					"$(inherited)",
					"@executable_path/Frameworks",
				);
				PRODUCT_BUNDLE_IDENTIFIER = com.everysight.samples.kmpcompose.ios;
				PRODUCT_NAME = "$(TARGET_NAME)";
				SDKROOT = iphoneos;
				SUPPORTED_PLATFORMS = "iphoneos iphonesimulator";
				SUPPORTS_MACCATALYST = NO;
				SUPPORTS_MAC_DESIGNED_FOR_IPHONE_IPAD = NO;
				SUPPORTS_XR_DESIGNED_FOR_IPHONE_IPAD = NO;
				SWIFT_VERSION = 5.0;
				TARGETED_DEVICE_FAMILY = 1;
			};
			name = Debug;
		};
		A20000630000000000000001 /* Release */ = {
			isa = XCBuildConfiguration;
			buildSettings = {
				ASSETCATALOG_COMPILER_APPICON_NAME = AppIcon;
				CODE_SIGN_STYLE = Automatic;
				DEVELOPMENT_TEAM = 393M9SB2UU;
				"EXCLUDED_ARCHS[sdk=iphonesimulator*]" = x86_64;
				FRAMEWORK_SEARCH_PATHS = (
					"$(inherited)",
					"$(SRCROOT)/../composeApp/build/xcode-frameworks/$(CONFIGURATION)/$(SDK_NAME)",
				);
				INFOPLIST_FILE = KmpComposeTestIosApp/Info.plist;
				IPHONEOS_DEPLOYMENT_TARGET = 16.0;
				LD_RUNPATH_SEARCH_PATHS = (
					"$(inherited)",
					"@executable_path/Frameworks",
				);
				PRODUCT_BUNDLE_IDENTIFIER = com.everysight.samples.kmpcompose.ios;
				PRODUCT_NAME = "$(TARGET_NAME)";
				SDKROOT = iphoneos;
				SUPPORTED_PLATFORMS = "iphoneos iphonesimulator";
				SUPPORTS_MACCATALYST = NO;
				SUPPORTS_MAC_DESIGNED_FOR_IPHONE_IPAD = NO;
				SUPPORTS_XR_DESIGNED_FOR_IPHONE_IPAD = NO;
				SWIFT_VERSION = 5.0;
				TARGETED_DEVICE_FAMILY = 1;
			};
			name = Release;
		};
/* End XCBuildConfiguration section */

/* Begin XCConfigurationList section */
		A20000520000000000000001 /* Build configuration list for PBXProject "KmpComposeTestIosApp" */ = {
			isa = XCConfigurationList;
			buildConfigurations = (
				A20000600000000000000001 /* Debug */,
				A20000610000000000000001 /* Release */,
			);
			defaultConfigurationIsVisible = 0;
			defaultConfigurationName = Release;
		};
		A20000530000000000000001 /* Build configuration list for PBXNativeTarget "KmpComposeTestIosApp" */ = {
			isa = XCConfigurationList;
			buildConfigurations = (
				A20000620000000000000001 /* Debug */,
				A20000630000000000000001 /* Release */,
			);
			defaultConfigurationIsVisible = 0;
			defaultConfigurationName = Release;
		};
/* End XCConfigurationList section */
	};
	rootObject = A20000500000000000000001 /* Project object */;
}
